// !$*UTF8*$!
{
	archiveVersion = 1;
	classes = {
	};
	objectVersion = 46;
	objects = {

/* Begin PBXBuildFile section */
		2719C47617FD01DF00DF47A6 /* Cocoa.framework in Frameworks */ = {isa = PBXBuildFile; fileRef = 2719C47517FD01DF00DF47A6 /* Cocoa.framework */; };
		2719C48017FD01DF00DF47A6 /* InfoPlist.strings in Resources */ = {isa = PBXBuildFile; fileRef = 2719C47E17FD01DF00DF47A6 /* InfoPlist.strings */; };
		2719C48217FD01DF00DF47A6 /* main.m in Sources */ = {isa = PBXBuildFile; fileRef = 2719C48117FD01DF00DF47A6 /* main.m */; };
		2719C48617FD01DF00DF47A6 /* Credits.rtf in Resources */ = {isa = PBXBuildFile; fileRef = 2719C48417FD01DF00DF47A6 /* Credits.rtf */; };
		2719C48917FD01DF00DF47A6 /* AppDelegate.m in Sources */ = {isa = PBXBuildFile; fileRef = 2719C48817FD01DF00DF47A6 /* AppDelegate.m */; };
		2719C48E17FD01DF00DF47A6 /* Images.xcassets in Resources */ = {isa = PBXBuildFile; fileRef = 2719C48D17FD01DF00DF47A6 /* Images.xcassets */; };
		2719C49517FD01DF00DF47A6 /* XCTest.framework in Frameworks */ = {isa = PBXBuildFile; fileRef = 2719C49417FD01DF00DF47A6 /* XCTest.framework */; };
		2719C49617FD01DF00DF47A6 /* Cocoa.framework in Frameworks */ = {isa = PBXBuildFile; fileRef = 2719C47517FD01DF00DF47A6 /* Cocoa.framework */; };
		2719C49E17FD01DF00DF47A6 /* InfoPlist.strings in Resources */ = {isa = PBXBuildFile; fileRef = 2719C49C17FD01DF00DF47A6 /* InfoPlist.strings */; };
		2719C4A017FD01DF00DF47A6 /* mrdictTests.m in Sources */ = {isa = PBXBuildFile; fileRef = 2719C49F17FD01DF00DF47A6 /* mrdictTests.m */; };
		2719C4AB17FD5D8000DF47A6 /* MainMenu.xib in Resources */ = {isa = PBXBuildFile; fileRef = 2719C4AA17FD5D8000DF47A6 /* MainMenu.xib */; };
		2719C4B617FD686200DF47A6 /* libFMDB.a in Frameworks */ = {isa = PBXBuildFile; fileRef = 2719C4B517FD684E00DF47A6 /* libFMDB.a */; };
		2719C4BC17FD8A5C00DF47A6 /* toefl.db in Resources */ = {isa = PBXBuildFile; fileRef = 2719C4B817FD710D00DF47A6 /* toefl.db */; };
		2719C4BE17FD8A7A00DF47A6 /* libsqlite3.0.dylib in Frameworks */ = {isa = PBXBuildFile; fileRef = 2719C4BD17FD8A7A00DF47A6 /* libsqlite3.0.dylib */; };
		27714B55182F456900EA111E /* LLManager.m in Sources */ = {isa = PBXBuildFile; fileRef = 27714B54182F456900EA111E /* LLManager.m */; };
		27A0949A182F479E00B413D1 /* LaunchAtLoginHelper.app in Copy Helper */ = {isa = PBXBuildFile; fileRef = 27714B58182F456900EA111E /* LaunchAtLoginHelper.app */; };
		27A0949C182F483B00B413D1 /* ServiceManagement.framework in Frameworks */ = {isa = PBXBuildFile; fileRef = 27A0949B182F483B00B413D1 /* ServiceManagement.framework */; };
/* End PBXBuildFile section */

/* Begin PBXContainerItemProxy section */
		2719C49717FD01DF00DF47A6 /* PBXContainerItemProxy */ = {
			isa = PBXContainerItemProxy;
			containerPortal = 2719C46A17FD01DF00DF47A6 /* Project object */;
			proxyType = 1;
			remoteGlobalIDString = 2719C47117FD01DF00DF47A6;
			remoteInfo = mrdict;
		};
		2719C4B217FD684E00DF47A6 /* PBXContainerItemProxy */ = {
			isa = PBXContainerItemProxy;
			containerPortal = 2719C4AD17FD684D00DF47A6 /* fmdb.xcodeproj */;
			proxyType = 2;
			remoteGlobalIDString = 8DD76FA10486AA7600D96B5E;
			remoteInfo = fmdb;
		};
		2719C4B417FD684E00DF47A6 /* PBXContainerItemProxy */ = {
			isa = PBXContainerItemProxy;
			containerPortal = 2719C4AD17FD684D00DF47A6 /* fmdb.xcodeproj */;
			proxyType = 2;
			remoteGlobalIDString = EE4290EF12B42F870088BD94;
			remoteInfo = FMDB;
		};
		27714B57182F456900EA111E /* PBXContainerItemProxy */ = {
			isa = PBXContainerItemProxy;
			containerPortal = 27714B50182F456900EA111E /* LaunchAtLoginHelper.xcodeproj */;
			proxyType = 2;
			remoteGlobalIDString = 734C379415414CE200994189;
			remoteInfo = LaunchAtLoginHelper;
		};
		27A09494182F45A800B413D1 /* PBXContainerItemProxy */ = {
			isa = PBXContainerItemProxy;
			containerPortal = 27714B50182F456900EA111E /* LaunchAtLoginHelper.xcodeproj */;
			proxyType = 1;
			remoteGlobalIDString = 734C379315414CE200994189;
			remoteInfo = LaunchAtLoginHelper;
		};
		27A0949D182F4C6400B413D1 /* PBXContainerItemProxy */ = {
			isa = PBXContainerItemProxy;
			containerPortal = 2719C4AD17FD684D00DF47A6 /* fmdb.xcodeproj */;
			proxyType = 1;
			remoteGlobalIDString = EE4290EE12B42F870088BD94;
			remoteInfo = FMDB;
		};
/* End PBXContainerItemProxy section */

/* Begin PBXCopyFilesBuildPhase section */
		27A09499182F476D00B413D1 /* Copy Helper */ = {
			isa = PBXCopyFilesBuildPhase;
			buildActionMask = 2147483647;
			dstPath = Contents/Library/LoginItems;
			dstSubfolderSpec = 1;
			files = (
				27A0949A182F479E00B413D1 /* LaunchAtLoginHelper.app in Copy Helper */,
			);
			name = "Copy Helper";
			runOnlyForDeploymentPostprocessing = 0;
		};
/* End PBXCopyFilesBuildPhase section */

/* Begin PBXFileReference section */
		2719C47217FD01DF00DF47A6 /* MrDict.app */ = {isa = PBXFileReference; explicitFileType = wrapper.application; includeInIndex = 0; path = MrDict.app; sourceTree = BUILT_PRODUCTS_DIR; };
		2719C47517FD01DF00DF47A6 /* Cocoa.framework */ = {isa = PBXFileReference; lastKnownFileType = wrapper.framework; name = Cocoa.framework; path = System/Library/Frameworks/Cocoa.framework; sourceTree = SDKROOT; };
		2719C47817FD01DF00DF47A6 /* AppKit.framework */ = {isa = PBXFileReference; lastKnownFileType = wrapper.framework; name = AppKit.framework; path = System/Library/Frameworks/AppKit.framework; sourceTree = SDKROOT; };
		2719C47917FD01DF00DF47A6 /* CoreData.framework */ = {isa = PBXFileReference; lastKnownFileType = wrapper.framework; name = CoreData.framework; path = System/Library/Frameworks/CoreData.framework; sourceTree = SDKROOT; };
		2719C47A17FD01DF00DF47A6 /* Foundation.framework */ = {isa = PBXFileReference; lastKnownFileType = wrapper.framework; name = Foundation.framework; path = System/Library/Frameworks/Foundation.framework; sourceTree = SDKROOT; };
		2719C47D17FD01DF00DF47A6 /* mrdict-Info.plist */ = {isa = PBXFileReference; lastKnownFileType = text.plist.xml; path = "mrdict-Info.plist"; sourceTree = "<group>"; };
		2719C47F17FD01DF00DF47A6 /* en */ = {isa = PBXFileReference; lastKnownFileType = text.plist.strings; name = en; path = en.lproj/InfoPlist.strings; sourceTree = "<group>"; };
		2719C48117FD01DF00DF47A6 /* main.m */ = {isa = PBXFileReference; lastKnownFileType = sourcecode.c.objc; path = main.m; sourceTree = "<group>"; };
		2719C48317FD01DF00DF47A6 /* mrdict-Prefix.pch */ = {isa = PBXFileReference; lastKnownFileType = sourcecode.c.h; path = "mrdict-Prefix.pch"; sourceTree = "<group>"; };
		2719C48517FD01DF00DF47A6 /* en */ = {isa = PBXFileReference; lastKnownFileType = text.rtf; name = en; path = en.lproj/Credits.rtf; sourceTree = "<group>"; };
		2719C48717FD01DF00DF47A6 /* AppDelegate.h */ = {isa = PBXFileReference; lastKnownFileType = sourcecode.c.h; path = AppDelegate.h; sourceTree = "<group>"; };
		2719C48817FD01DF00DF47A6 /* AppDelegate.m */ = {isa = PBXFileReference; lastKnownFileType = sourcecode.c.objc; path = AppDelegate.m; sourceTree = "<group>"; };
		2719C48D17FD01DF00DF47A6 /* Images.xcassets */ = {isa = PBXFileReference; lastKnownFileType = folder.assetcatalog; path = Images.xcassets; sourceTree = "<group>"; };
		2719C49317FD01DF00DF47A6 /* mrdictTests.xctest */ = {isa = PBXFileReference; explicitFileType = wrapper.cfbundle; includeInIndex = 0; path = mrdictTests.xctest; sourceTree = BUILT_PRODUCTS_DIR; };
		2719C49417FD01DF00DF47A6 /* XCTest.framework */ = {isa = PBXFileReference; lastKnownFileType = wrapper.framework; name = XCTest.framework; path = Library/Frameworks/XCTest.framework; sourceTree = DEVELOPER_DIR; };
		2719C49B17FD01DF00DF47A6 /* mrdictTests-Info.plist */ = {isa = PBXFileReference; lastKnownFileType = text.plist.xml; path = "mrdictTests-Info.plist"; sourceTree = "<group>"; };
		2719C49D17FD01DF00DF47A6 /* en */ = {isa = PBXFileReference; lastKnownFileType = text.plist.strings; name = en; path = en.lproj/InfoPlist.strings; sourceTree = "<group>"; };
		2719C49F17FD01DF00DF47A6 /* mrdictTests.m */ = {isa = PBXFileReference; lastKnownFileType = sourcecode.c.objc; path = mrdictTests.m; sourceTree = "<group>"; };
		2719C4AA17FD5D8000DF47A6 /* MainMenu.xib */ = {isa = PBXFileReference; fileEncoding = 4; lastKnownFileType = file.xib; path = MainMenu.xib; sourceTree = "<group>"; };
		2719C4AD17FD684D00DF47A6 /* fmdb.xcodeproj */ = {isa = PBXFileReference; lastKnownFileType = "wrapper.pb-project"; name = fmdb.xcodeproj; path = Dependencies/fmdb/fmdb.xcodeproj; sourceTree = "<group>"; };
		2719C4B817FD710D00DF47A6 /* toefl.db */ = {isa = PBXFileReference; lastKnownFileType = file; path = toefl.db; sourceTree = "<group>"; };
		2719C4BD17FD8A7A00DF47A6 /* libsqlite3.0.dylib */ = {isa = PBXFileReference; lastKnownFileType = "compiled.mach-o.dylib"; name = libsqlite3.0.dylib; path = usr/lib/libsqlite3.0.dylib; sourceTree = SDKROOT; };
		27714B4F182F456900EA111E /* LLStrings.h */ = {isa = PBXFileReference; fileEncoding = 4; lastKnownFileType = sourcecode.c.h; name = LLStrings.h; path = "LaunchAtLoginHelper-master/LLStrings.h"; sourceTree = "<group>"; };
		27714B50182F456900EA111E /* LaunchAtLoginHelper.xcodeproj */ = {isa = PBXFileReference; lastKnownFileType = "wrapper.pb-project"; name = LaunchAtLoginHelper.xcodeproj; path = "LaunchAtLoginHelper-master/LaunchAtLoginHelper.xcodeproj"; sourceTree = "<group>"; };
		27714B53182F456900EA111E /* LLManager.h */ = {isa = PBXFileReference; fileEncoding = 4; lastKnownFileType = sourcecode.c.h; name = LLManager.h; path = "LaunchAtLoginHelper-master/LLManager.h"; sourceTree = "<group>"; };
		27714B54182F456900EA111E /* LLManager.m */ = {isa = PBXFileReference; fileEncoding = 4; lastKnownFileType = sourcecode.c.objc; name = LLManager.m; path = "LaunchAtLoginHelper-master/LLManager.m"; sourceTree = "<group>"; };
		27A0949B182F483B00B413D1 /* ServiceManagement.framework */ = {isa = PBXFileReference; lastKnownFileType = wrapper.framework; name = ServiceManagement.framework; path = System/Library/Frameworks/ServiceManagement.framework; sourceTree = SDKROOT; };
/* End PBXFileReference section */

/* Begin PBXFrameworksBuildPhase section */
		2719C46F17FD01DF00DF47A6 /* Frameworks */ = {
			isa = PBXFrameworksBuildPhase;
			buildActionMask = 2147483647;
			files = (
				27A0949C182F483B00B413D1 /* ServiceManagement.framework in Frameworks */,
				2719C4BE17FD8A7A00DF47A6 /* libsqlite3.0.dylib in Frameworks */,
				2719C4B617FD686200DF47A6 /* libFMDB.a in Frameworks */,
				2719C47617FD01DF00DF47A6 /* Cocoa.framework in Frameworks */,
			);
			runOnlyForDeploymentPostprocessing = 0;
		};
		2719C49017FD01DF00DF47A6 /* Frameworks */ = {
			isa = PBXFrameworksBuildPhase;
			buildActionMask = 2147483647;
			files = (
				2719C49617FD01DF00DF47A6 /* Cocoa.framework in Frameworks */,
				2719C49517FD01DF00DF47A6 /* XCTest.framework in Frameworks */,
			);
			runOnlyForDeploymentPostprocessing = 0;
		};
/* End PBXFrameworksBuildPhase section */

/* Begin PBXGroup section */
		2719C46917FD01DF00DF47A6 = {
			isa = PBXGroup;
			children = (
				27714B4F182F456900EA111E /* LLStrings.h */,
				27714B50182F456900EA111E /* LaunchAtLoginHelper.xcodeproj */,
				27714B53182F456900EA111E /* LLManager.h */,
				27714B54182F456900EA111E /* LLManager.m */,
				2719C47B17FD01DF00DF47A6 /* mrdict */,
				2719C4AC17FD683A00DF47A6 /* Denpendencies */,
				2719C49917FD01DF00DF47A6 /* mrdictTests */,
				2719C47417FD01DF00DF47A6 /* Frameworks */,
				2719C47317FD01DF00DF47A6 /* Products */,
			);
			sourceTree = "<group>";
		};
		2719C47317FD01DF00DF47A6 /* Products */ = {
			isa = PBXGroup;
			children = (
				2719C47217FD01DF00DF47A6 /* MrDict.app */,
				2719C49317FD01DF00DF47A6 /* mrdictTests.xctest */,
			);
			name = Products;
			sourceTree = "<group>";
		};
		2719C47417FD01DF00DF47A6 /* Frameworks */ = {
			isa = PBXGroup;
			children = (
				27A0949B182F483B00B413D1 /* ServiceManagement.framework */,
				2719C4BD17FD8A7A00DF47A6 /* libsqlite3.0.dylib */,
				2719C47517FD01DF00DF47A6 /* Cocoa.framework */,
				2719C49417FD01DF00DF47A6 /* XCTest.framework */,
				2719C47717FD01DF00DF47A6 /* Other Frameworks */,
			);
			name = Frameworks;
			sourceTree = "<group>";
		};
		2719C47717FD01DF00DF47A6 /* Other Frameworks */ = {
			isa = PBXGroup;
			children = (
				2719C47817FD01DF00DF47A6 /* AppKit.framework */,
				2719C47917FD01DF00DF47A6 /* CoreData.framework */,
				2719C47A17FD01DF00DF47A6 /* Foundation.framework */,
			);
			name = "Other Frameworks";
			sourceTree = "<group>";
		};
		2719C47B17FD01DF00DF47A6 /* mrdict */ = {
			isa = PBXGroup;
			children = (
				2719C48717FD01DF00DF47A6 /* AppDelegate.h */,
				2719C48817FD01DF00DF47A6 /* AppDelegate.m */,
				2719C4AA17FD5D8000DF47A6 /* MainMenu.xib */,
				2719C48D17FD01DF00DF47A6 /* Images.xcassets */,
				2719C4B717FD710100DF47A6 /* db */,
				2719C47C17FD01DF00DF47A6 /* Supporting Files */,
			);
			path = mrdict;
			sourceTree = "<group>";
		};
		2719C47C17FD01DF00DF47A6 /* Supporting Files */ = {
			isa = PBXGroup;
			children = (
				2719C47D17FD01DF00DF47A6 /* mrdict-Info.plist */,
				2719C47E17FD01DF00DF47A6 /* InfoPlist.strings */,
				2719C48117FD01DF00DF47A6 /* main.m */,
				2719C48317FD01DF00DF47A6 /* mrdict-Prefix.pch */,
				2719C48417FD01DF00DF47A6 /* Credits.rtf */,
			);
			name = "Supporting Files";
			sourceTree = "<group>";
		};
		2719C49917FD01DF00DF47A6 /* mrdictTests */ = {
			isa = PBXGroup;
			children = (
				2719C49F17FD01DF00DF47A6 /* mrdictTests.m */,
				2719C49A17FD01DF00DF47A6 /* Supporting Files */,
			);
			path = mrdictTests;
			sourceTree = "<group>";
		};
		2719C49A17FD01DF00DF47A6 /* Supporting Files */ = {
			isa = PBXGroup;
			children = (
				2719C49B17FD01DF00DF47A6 /* mrdictTests-Info.plist */,
				2719C49C17FD01DF00DF47A6 /* InfoPlist.strings */,
			);
			name = "Supporting Files";
			sourceTree = "<group>";
		};
		2719C4AC17FD683A00DF47A6 /* Denpendencies */ = {
			isa = PBXGroup;
			children = (
				2719C4AD17FD684D00DF47A6 /* fmdb.xcodeproj */,
			);
			name = Denpendencies;
			sourceTree = "<group>";
		};
		2719C4AE17FD684D00DF47A6 /* Products */ = {
			isa = PBXGroup;
			children = (
				2719C4B317FD684E00DF47A6 /* fmdb */,
				2719C4B517FD684E00DF47A6 /* libFMDB.a */,
			);
			name = Products;
			sourceTree = "<group>";
		};
		2719C4B717FD710100DF47A6 /* db */ = {
			isa = PBXGroup;
			children = (
				2719C4B817FD710D00DF47A6 /* toefl.db */,
			);
			path = db;
			sourceTree = "<group>";
		};
		27714B51182F456900EA111E /* Products */ = {
			isa = PBXGroup;
			children = (
				27714B58182F456900EA111E /* LaunchAtLoginHelper.app */,
			);
			name = Products;
			sourceTree = "<group>";
		};
/* End PBXGroup section */

/* Begin PBXNativeTarget section */
		2719C47117FD01DF00DF47A6 /* mrdict */ = {
			isa = PBXNativeTarget;
			buildConfigurationList = 2719C4A317FD01DF00DF47A6 /* Build configuration list for PBXNativeTarget "mrdict" */;
			buildPhases = (
				2719C46E17FD01DF00DF47A6 /* Sources */,
				2719C46F17FD01DF00DF47A6 /* Frameworks */,
				2719C47017FD01DF00DF47A6 /* Resources */,
				27A09499182F476D00B413D1 /* Copy Helper */,
			);
			buildRules = (
			);
			dependencies = (
				27A0949E182F4C6400B413D1 /* PBXTargetDependency */,
				27A09495182F45A800B413D1 /* PBXTargetDependency */,
			);
			name = mrdict;
			productName = mrdict;
			productReference = 2719C47217FD01DF00DF47A6 /* MrDict.app */;
			productType = "com.apple.product-type.application";
		};
		2719C49217FD01DF00DF47A6 /* mrdictTests */ = {
			isa = PBXNativeTarget;
			buildConfigurationList = 2719C4A617FD01DF00DF47A6 /* Build configuration list for PBXNativeTarget "mrdictTests" */;
			buildPhases = (
				2719C48F17FD01DF00DF47A6 /* Sources */,
				2719C49017FD01DF00DF47A6 /* Frameworks */,
				2719C49117FD01DF00DF47A6 /* Resources */,
			);
			buildRules = (
			);
			dependencies = (
				2719C49817FD01DF00DF47A6 /* PBXTargetDependency */,
			);
			name = mrdictTests;
			productName = mrdictTests;
			productReference = 2719C49317FD01DF00DF47A6 /* mrdictTests.xctest */;
			productType = "com.apple.product-type.bundle.unit-test";
		};
/* End PBXNativeTarget section */

/* Begin PBXProject section */
		2719C46A17FD01DF00DF47A6 /* Project object */ = {
			isa = PBXProject;
			attributes = {
				LastUpgradeCheck = 0500;
				ORGANIZATIONNAME = Croath;
				TargetAttributes = {
					2719C49217FD01DF00DF47A6 = {
						TestTargetID = 2719C47117FD01DF00DF47A6;
					};
				};
			};
			buildConfigurationList = 2719C46D17FD01DF00DF47A6 /* Build configuration list for PBXProject "mrdict" */;
			compatibilityVersion = "Xcode 3.2";
			developmentRegion = English;
			hasScannedForEncodings = 0;
			knownRegions = (
				en,
				Base,
			);
			mainGroup = 2719C46917FD01DF00DF47A6;
			productRefGroup = 2719C47317FD01DF00DF47A6 /* Products */;
			projectDirPath = "";
			projectReferences = (
				{
					ProductGroup = 2719C4AE17FD684D00DF47A6 /* Products */;
					ProjectRef = 2719C4AD17FD684D00DF47A6 /* fmdb.xcodeproj */;
				},
				{
					ProductGroup = 27714B51182F456900EA111E /* Products */;
					ProjectRef = 27714B50182F456900EA111E /* LaunchAtLoginHelper.xcodeproj */;
				},
			);
			projectRoot = "";
			targets = (
				2719C47117FD01DF00DF47A6 /* mrdict */,
				2719C49217FD01DF00DF47A6 /* mrdictTests */,
			);
		};
/* End PBXProject section */

/* Begin PBXReferenceProxy section */
		2719C4B317FD684E00DF47A6 /* fmdb */ = {
			isa = PBXReferenceProxy;
			fileType = "compiled.mach-o.executable";
			path = fmdb;
			remoteRef = 2719C4B217FD684E00DF47A6 /* PBXContainerItemProxy */;
			sourceTree = BUILT_PRODUCTS_DIR;
		};
		2719C4B517FD684E00DF47A6 /* libFMDB.a */ = {
			isa = PBXReferenceProxy;
			fileType = archive.ar;
			path = libFMDB.a;
			remoteRef = 2719C4B417FD684E00DF47A6 /* PBXContainerItemProxy */;
			sourceTree = BUILT_PRODUCTS_DIR;
		};
		27714B58182F456900EA111E /* LaunchAtLoginHelper.app */ = {
			isa = PBXReferenceProxy;
			fileType = wrapper.application;
			path = LaunchAtLoginHelper.app;
			remoteRef = 27714B57182F456900EA111E /* PBXContainerItemProxy */;
			sourceTree = BUILT_PRODUCTS_DIR;
		};
/* End PBXReferenceProxy section */

/* Begin PBXResourcesBuildPhase section */
		2719C47017FD01DF00DF47A6 /* Resources */ = {
			isa = PBXResourcesBuildPhase;
			buildActionMask = 2147483647;
			files = (
				2719C4BC17FD8A5C00DF47A6 /* toefl.db in Resources */,
				2719C48017FD01DF00DF47A6 /* InfoPlist.strings in Resources */,
				2719C48E17FD01DF00DF47A6 /* Images.xcassets in Resources */,
				2719C48617FD01DF00DF47A6 /* Credits.rtf in Resources */,
				2719C4AB17FD5D8000DF47A6 /* MainMenu.xib in Resources */,
			);
			runOnlyForDeploymentPostprocessing = 0;
		};
		2719C49117FD01DF00DF47A6 /* Resources */ = {
			isa = PBXResourcesBuildPhase;
			buildActionMask = 2147483647;
			files = (
				2719C49E17FD01DF00DF47A6 /* InfoPlist.strings in Resources */,
			);
			runOnlyForDeploymentPostprocessing = 0;
		};
/* End PBXResourcesBuildPhase section */

/* Begin PBXSourcesBuildPhase section */
		2719C46E17FD01DF00DF47A6 /* Sources */ = {
			isa = PBXSourcesBuildPhase;
			buildActionMask = 2147483647;
			files = (
				27714B55182F456900EA111E /* LLManager.m in Sources */,
				2719C48917FD01DF00DF47A6 /* AppDelegate.m in Sources */,
				2719C48217FD01DF00DF47A6 /* main.m in Sources */,
			);
			runOnlyForDeploymentPostprocessing = 0;
		};
		2719C48F17FD01DF00DF47A6 /* Sources */ = {
			isa = PBXSourcesBuildPhase;
			buildActionMask = 2147483647;
			files = (
				2719C4A017FD01DF00DF47A6 /* mrdictTests.m in Sources */,
			);
			runOnlyForDeploymentPostprocessing = 0;
		};
/* End PBXSourcesBuildPhase section */

/* Begin PBXTargetDependency section */
		2719C49817FD01DF00DF47A6 /* PBXTargetDependency */ = {
			isa = PBXTargetDependency;
			target = 2719C47117FD01DF00DF47A6 /* mrdict */;
			targetProxy = 2719C49717FD01DF00DF47A6 /* PBXContainerItemProxy */;
		};
		27A09495182F45A800B413D1 /* PBXTargetDependency */ = {
			isa = PBXTargetDependency;
			name = LaunchAtLoginHelper;
			targetProxy = 27A09494182F45A800B413D1 /* PBXContainerItemProxy */;
		};
		27A0949E182F4C6400B413D1 /* PBXTargetDependency */ = {
			isa = PBXTargetDependency;
			name = FMDB;
			targetProxy = 27A0949D182F4C6400B413D1 /* PBXContainerItemProxy */;
		};
/* End PBXTargetDependency section */

/* Begin PBXVariantGroup section */
		2719C47E17FD01DF00DF47A6 /* InfoPlist.strings */ = {
			isa = PBXVariantGroup;
			children = (
				2719C47F17FD01DF00DF47A6 /* en */,
			);
			name = InfoPlist.strings;
			sourceTree = "<group>";
		};
		2719C48417FD01DF00DF47A6 /* Credits.rtf */ = {
			isa = PBXVariantGroup;
			children = (
				2719C48517FD01DF00DF47A6 /* en */,
			);
			name = Credits.rtf;
			sourceTree = "<group>";
		};
		2719C49C17FD01DF00DF47A6 /* InfoPlist.strings */ = {
			isa = PBXVariantGroup;
			children = (
				2719C49D17FD01DF00DF47A6 /* en */,
			);
			name = InfoPlist.strings;
			sourceTree = "<group>";
		};
/* End PBXVariantGroup section */

/* Begin XCBuildConfiguration section */
		2719C4A117FD01DF00DF47A6 /* Debug */ = {
			isa = XCBuildConfiguration;
			buildSettings = {
				ALWAYS_SEARCH_USER_PATHS = YES;
				CLANG_CXX_LANGUAGE_STANDARD = "gnu++0x";
				CLANG_CXX_LIBRARY = "libc++";
				CLANG_ENABLE_OBJC_ARC = YES;
				CLANG_WARN_BOOL_CONVERSION = YES;
				CLANG_WARN_CONSTANT_CONVERSION = YES;
				CLANG_WARN_DIRECT_OBJC_ISA_USAGE = YES_ERROR;
				CLANG_WARN_EMPTY_BODY = YES;
				CLANG_WARN_ENUM_CONVERSION = YES;
				CLANG_WARN_INT_CONVERSION = YES;
				CLANG_WARN_OBJC_ROOT_CLASS = YES_ERROR;
				CLANG_WARN__DUPLICATE_METHOD_MATCH = YES;
				COPY_PHASE_STRIP = NO;
				GCC_C_LANGUAGE_STANDARD = gnu99;
				GCC_DYNAMIC_NO_PIC = NO;
				GCC_ENABLE_OBJC_EXCEPTIONS = YES;
				GCC_OPTIMIZATION_LEVEL = 0;
				GCC_PREPROCESSOR_DEFINITIONS = (
					"DEBUG=1",
					"$(inherited)",
				);
				GCC_SYMBOLS_PRIVATE_EXTERN = NO;
				GCC_WARN_64_TO_32_BIT_CONVERSION = YES;
				GCC_WARN_ABOUT_RETURN_TYPE = YES_ERROR;
				GCC_WARN_UNDECLARED_SELECTOR = YES;
				GCC_WARN_UNINITIALIZED_AUTOS = YES;
				GCC_WARN_UNUSED_FUNCTION = YES;
				GCC_WARN_UNUSED_VARIABLE = YES;
				MACOSX_DEPLOYMENT_TARGET = 10.6;
				ONLY_ACTIVE_ARCH = YES;
				SDKROOT = macosx;
				USER_HEADER_SEARCH_PATHS = "./**";
			};
			name = Debug;
		};
		2719C4A217FD01DF00DF47A6 /* Release */ = {
			isa = XCBuildConfiguration;
			buildSettings = {
				ALWAYS_SEARCH_USER_PATHS = YES;
				CLANG_CXX_LANGUAGE_STANDARD = "gnu++0x";
				CLANG_CXX_LIBRARY = "libc++";
				CLANG_ENABLE_OBJC_ARC = YES;
				CLANG_WARN_BOOL_CONVERSION = YES;
				CLANG_WARN_CONSTANT_CONVERSION = YES;
				CLANG_WARN_DIRECT_OBJC_ISA_USAGE = YES_ERROR;
				CLANG_WARN_EMPTY_BODY = YES;
				CLANG_WARN_ENUM_CONVERSION = YES;
				CLANG_WARN_INT_CONVERSION = YES;
				CLANG_WARN_OBJC_ROOT_CLASS = YES_ERROR;
				CLANG_WARN__DUPLICATE_METHOD_MATCH = YES;
				COPY_PHASE_STRIP = YES;
				DEBUG_INFORMATION_FORMAT = "dwarf-with-dsym";
				ENABLE_NS_ASSERTIONS = NO;
				GCC_C_LANGUAGE_STANDARD = gnu99;
				GCC_ENABLE_OBJC_EXCEPTIONS = YES;
				GCC_WARN_64_TO_32_BIT_CONVERSION = YES;
				GCC_WARN_ABOUT_RETURN_TYPE = YES_ERROR;
				GCC_WARN_UNDECLARED_SELECTOR = YES;
				GCC_WARN_UNINITIALIZED_AUTOS = YES;
				GCC_WARN_UNUSED_FUNCTION = YES;
				GCC_WARN_UNUSED_VARIABLE = YES;
				MACOSX_DEPLOYMENT_TARGET = 10.6;
				SDKROOT = macosx;
				USER_HEADER_SEARCH_PATHS = "./**";
			};
			name = Release;
		};
		2719C4A417FD01DF00DF47A6 /* Debug */ = {
			isa = XCBuildConfiguration;
			buildSettings = {
				ASSETCATALOG_COMPILER_APPICON_NAME = AppIcon;
				COMBINE_HIDPI_IMAGES = YES;
				GCC_PRECOMPILE_PREFIX_HEADER = YES;
				GCC_PREFIX_HEADER = "mrdict/mrdict-Prefix.pch";
				INFOPLIST_FILE = "mrdict/mrdict-Info.plist";
				MACOSX_DEPLOYMENT_TARGET = 10.6;
				PRODUCT_NAME = MrDict;
				WRAPPER_EXTENSION = app;
			};
			name = Debug;
		};
		2719C4A517FD01DF00DF47A6 /* Release */ = {
			isa = XCBuildConfiguration;
			buildSettings = {
				ASSETCATALOG_COMPILER_APPICON_NAME = AppIcon;
				COMBINE_HIDPI_IMAGES = YES;
				GCC_PRECOMPILE_PREFIX_HEADER = YES;
				GCC_PREFIX_HEADER = "mrdict/mrdict-Prefix.pch";
				INFOPLIST_FILE = "mrdict/mrdict-Info.plist";
				MACOSX_DEPLOYMENT_TARGET = 10.6;
				PRODUCT_NAME = MrDict;
				WRAPPER_EXTENSION = app;
			};
			name = Release;
		};
		2719C4A717FD01DF00DF47A6 /* Debug */ = {
			isa = XCBuildConfiguration;
			buildSettings = {
				BUNDLE_LOADER = "$(BUILT_PRODUCTS_DIR)/mrdict.app/Contents/MacOS/mrdict";
				COMBINE_HIDPI_IMAGES = YES;
				FRAMEWORK_SEARCH_PATHS = (
					"$(DEVELOPER_FRAMEWORKS_DIR)",
					"$(inherited)",
				);
				GCC_PRECOMPILE_PREFIX_HEADER = YES;
				GCC_PREFIX_HEADER = "mrdict/mrdict-Prefix.pch";
				GCC_PREPROCESSOR_DEFINITIONS = (
					"DEBUG=1",
					"$(inherited)",
				);
				INFOPLIST_FILE = "mrdictTests/mrdictTests-Info.plist";
				MACOSX_DEPLOYMENT_TARGET = 10.6;
				PRODUCT_NAME = "$(TARGET_NAME)";
				TEST_HOST = "$(BUNDLE_LOADER)";
				WRAPPER_EXTENSION = xctest;
			};
			name = Debug;
		};
		2719C4A817FD01DF00DF47A6 /* Release */ = {
			isa = XCBuildConfiguration;
			buildSettings = {
				BUNDLE_LOADER = "$(BUILT_PRODUCTS_DIR)/mrdict.app/Contents/MacOS/mrdict";
				COMBINE_HIDPI_IMAGES = YES;
				FRAMEWORK_SEARCH_PATHS = (
					"$(DEVELOPER_FRAMEWORKS_DIR)",
					"$(inherited)",
				);
				GCC_PRECOMPILE_PREFIX_HEADER = YES;
				GCC_PREFIX_HEADER = "mrdict/mrdict-Prefix.pch";
				INFOPLIST_FILE = "mrdictTests/mrdictTests-Info.plist";
				MACOSX_DEPLOYMENT_TARGET = 10.6;
				PRODUCT_NAME = "$(TARGET_NAME)";
				TEST_HOST = "$(BUNDLE_LOADER)";
				WRAPPER_EXTENSION = xctest;
			};
			name = Release;
		};
/* End XCBuildConfiguration section */

/* Begin XCConfigurationList section */
		2719C46D17FD01DF00DF47A6 /* Build configuration list for PBXProject "mrdict" */ = {
			isa = XCConfigurationList;
			buildConfigurations = (
				2719C4A117FD01DF00DF47A6 /* Debug */,
				2719C4A217FD01DF00DF47A6 /* Release */,
			);
			defaultConfigurationIsVisible = 0;
			defaultConfigurationName = Release;
		};
		2719C4A317FD01DF00DF47A6 /* Build configuration list for PBXNativeTarget "mrdict" */ = {
			isa = XCConfigurationList;
			buildConfigurations = (
				2719C4A417FD01DF00DF47A6 /* Debug */,
				2719C4A517FD01DF00DF47A6 /* Release */,
			);
			defaultConfigurationIsVisible = 0;
			defaultConfigurationName = Release;
		};
		2719C4A617FD01DF00DF47A6 /* Build configuration list for PBXNativeTarget "mrdictTests" */ = {
			isa = XCConfigurationList;
			buildConfigurations = (
				2719C4A717FD01DF00DF47A6 /* Debug */,
				2719C4A817FD01DF00DF47A6 /* Release */,
			);
			defaultConfigurationIsVisible = 0;
			defaultConfigurationName = Release;
		};
/* End XCConfigurationList section */
	};
	rootObject = 2719C46A17FD01DF00DF47A6 /* Project object */;
}
